
Microsoft Visual Studio Solution File, Format Version 12.00
# Visual Studio Version 17
VisualStudioVersion = 17.11.34909.67
MinimumVisualStudioVersion = 10.0.40219.1
Project("{FAE04EC0-301F-11D3-BF4B-00C04F79EFBC}") = "TriangleTypeIndentifier", "TriangleTypeIndentifier\TriangleTypeIndentifier.csproj", "{D78AA838-C4F3-4842-9F28-FF1772B97C24}"
EndProject
Global
	GlobalSection(SolutionConfigurationPlatforms) = preSolution
		Debug|Any CPU = Debug|Any CPU
		Release|Any CPU = Release|Any CPU
	EndGlobalSection
	GlobalSection(ProjectConfigurationPlatforms) = postSolution
		{D78AA838-C4F3-4842-9F28-FF1772B97C24}.Debug|Any CPU.ActiveCfg = Debug|Any CPU
		{D78AA838-C4F3-4842-9F28-FF1772B97C24}.Debug|Any CPU.Build.0 = Debug|Any CPU
		{D78AA838-C4F3-4842-9F28-FF1772B97C24}.Release|Any CPU.ActiveCfg = Release|Any CPU
		{D78AA838-C4F3-4842-9F28-FF1772B97C24}.Release|Any CPU.Build.0 = Release|Any CPU
	EndGlobalSection
	GlobalSection(SolutionProperties) = preSolution
		HideSolutionNode = FALSE
	EndGlobalSection
	GlobalSection(ExtensibilityGlobals) = postSolution
		SolutionGuid = {6DE29483-2F2C-4CFE-8957-D23C959B95DE}
	EndGlobalSection
EndGlobal
